// !$*UTF8*$!
{
	archiveVersion = 1;
	classes = {
	};
	objectVersion = 55;
	objects = {

/* Begin PBXBuildFile section */
		F7063AE1276C0BE2005E3174 /* LibraryViewController.swift in Sources */ = {isa = PBXBuildFile; fileRef = F7063AE0276C0BE2005E3174 /* LibraryViewController.swift */; };
		F7063AE3276C0D3F005E3174 /* DiningroomViewController.swift in Sources */ = {isa = PBXBuildFile; fileRef = F7063AE2276C0D3F005E3174 /* DiningroomViewController.swift */; };
		F7063AE5276C2837005E3174 /* BedroomViewController.swift in Sources */ = {isa = PBXBuildFile; fileRef = F7063AE4276C2837005E3174 /* BedroomViewController.swift */; };
		F7063AE7276C2B66005E3174 /* StairsupViewController.swift in Sources */ = {isa = PBXBuildFile; fileRef = F7063AE6276C2B66005E3174 /* StairsupViewController.swift */; };
		F7063AE9276C2F4D005E3174 /* SecretpassageViewController.swift in Sources */ = {isa = PBXBuildFile; fileRef = F7063AE8276C2F4D005E3174 /* SecretpassageViewController.swift */; };
		F7063AEB276C3044005E3174 /* KitchenViewController.swift in Sources */ = {isa = PBXBuildFile; fileRef = F7063AEA276C3044005E3174 /* KitchenViewController.swift */; };
		F7063AED276C3107005E3174 /* BackporchViewController.swift in Sources */ = {isa = PBXBuildFile; fileRef = F7063AEC276C3107005E3174 /* BackporchViewController.swift */; };
		F7063AEF276C319B005E3174 /* BathroomViewController.swift in Sources */ = {isa = PBXBuildFile; fileRef = F7063AEE276C319B005E3174 /* BathroomViewController.swift */; };
		F7063AF1276C3405005E3174 /* DungeonViewController.swift in Sources */ = {isa = PBXBuildFile; fileRef = F7063AF0276C3405005E3174 /* DungeonViewController.swift */; };
		F7063AF3276C3506005E3174 /* LabratoryViewController.swift in Sources */ = {isa = PBXBuildFile; fileRef = F7063AF2276C3506005E3174 /* LabratoryViewController.swift */; };
		F7063AF5276C35B1005E3174 /* MysteriouslakeViewController.swift in Sources */ = {isa = PBXBuildFile; fileRef = F7063AF4276C35B1005E3174 /* MysteriouslakeViewController.swift */; };
		F7063AF7276C3668005E3174 /* GeneratorViewController.swift in Sources */ = {isa = PBXBuildFile; fileRef = F7063AF6276C3668005E3174 /* GeneratorViewController.swift */; };
		F7063AF9276C3707005E3174 /* GursedchaliceViewController.swift in Sources */ = {isa = PBXBuildFile; fileRef = F7063AF8276C3707005E3174 /* GursedchaliceViewController.swift */; };
		F7063AFB276C38E0005E3174 /* CoatroomViewController.swift in Sources */ = {isa = PBXBuildFile; fileRef = F7063AFA276C38E0005E3174 /* CoatroomViewController.swift */; };
		F7B6B621276B011F002508FB /* AppDelegate.swift in Sources */ = {isa = PBXBuildFile; fileRef = F7B6B620276B011F002508FB /* AppDelegate.swift */; };
		F7B6B623276B011F002508FB /* SceneDelegate.swift in Sources */ = {isa = PBXBuildFile; fileRef = F7B6B622276B011F002508FB /* SceneDelegate.swift */; };
		F7B6B625276B011F002508FB /* ViewController.swift in Sources */ = {isa = PBXBuildFile; fileRef = F7B6B624276B011F002508FB /* ViewController.swift */; };
		F7B6B628276B011F002508FB /* Main.storyboard in Resources */ = {isa = PBXBuildFile; fileRef = F7B6B626276B011F002508FB /* Main.storyboard */; };
		F7B6B62A276B0120002508FB /* Assets.xcassets in Resources */ = {isa = PBXBuildFile; fileRef = F7B6B629276B0120002508FB /* Assets.xcassets */; };
		F7B6B62D276B0120002508FB /* LaunchScreen.storyboard in Resources */ = {isa = PBXBuildFile; fileRef = F7B6B62B276B0120002508FB /* LaunchScreen.storyboard */; };
/* End PBXBuildFile section */

/* Begin PBXFileReference section */
		F7063AE0276C0BE2005E3174 /* LibraryViewController.swift */ = {isa = PBXFileReference; lastKnownFileType = sourcecode.swift; path = LibraryViewController.swift; sourceTree = "<group>"; };
		F7063AE2276C0D3F005E3174 /* DiningroomViewController.swift */ = {isa = PBXFileReference; lastKnownFileType = sourcecode.swift; path = DiningroomViewController.swift; sourceTree = "<group>"; };
		F7063AE4276C2837005E3174 /* BedroomViewController.swift */ = {isa = PBXFileReference; lastKnownFileType = sourcecode.swift; path = BedroomViewController.swift; sourceTree = "<group>"; };
		F7063AE6276C2B66005E3174 /* StairsupViewController.swift */ = {isa = PBXFileReference; lastKnownFileType = sourcecode.swift; path = StairsupViewController.swift; sourceTree = "<group>"; };
		F7063AE8276C2F4D005E3174 /* SecretpassageViewController.swift */ = {isa = PBXFileReference; lastKnownFileType = sourcecode.swift; path = SecretpassageViewController.swift; sourceTree = "<group>"; };
		F7063AEA276C3044005E3174 /* KitchenViewController.swift */ = {isa = PBXFileReference; lastKnownFileType = sourcecode.swift; path = KitchenViewController.swift; sourceTree = "<group>"; };
		F7063AEC276C3107005E3174 /* BackporchViewController.swift */ = {isa = PBXFileReference; lastKnownFileType = sourcecode.swift; path = BackporchViewController.swift; sourceTree = "<group>"; };
		F7063AEE276C319B005E3174 /* BathroomViewController.swift */ = {isa = PBXFileReference; lastKnownFileType = sourcecode.swift; path = BathroomViewController.swift; sourceTree = "<group>"; };
		F7063AF0276C3405005E3174 /* DungeonViewController.swift */ = {isa = PBXFileReference; lastKnownFileType = sourcecode.swift; path = DungeonViewController.swift; sourceTree = "<group>"; };
		F7063AF2276C3506005E3174 /* LabratoryViewController.swift */ = {isa = PBXFileReference; lastKnownFileType = sourcecode.swift; path = LabratoryViewController.swift; sourceTree = "<group>"; };
		F7063AF4276C35B1005E3174 /* MysteriouslakeViewController.swift */ = {isa = PBXFileReference; lastKnownFileType = sourcecode.swift; path = MysteriouslakeViewController.swift; sourceTree = "<group>"; };
		F7063AF6276C3668005E3174 /* GeneratorViewController.swift */ = {isa = PBXFileReference; lastKnownFileType = sourcecode.swift; path = GeneratorViewController.swift; sourceTree = "<group>"; };
		F7063AF8276C3707005E3174 /* GursedchaliceViewController.swift */ = {isa = PBXFileReference; lastKnownFileType = sourcecode.swift; path = GursedchaliceViewController.swift; sourceTree = "<group>"; };
		F7063AFA276C38E0005E3174 /* CoatroomViewController.swift */ = {isa = PBXFileReference; lastKnownFileType = sourcecode.swift; path = CoatroomViewController.swift; sourceTree = "<group>"; };
		F7B6B61D276B011F002508FB /* mobile_assignment_3.app */ = {isa = PBXFileReference; explicitFileType = wrapper.application; includeInIndex = 0; path = mobile_assignment_3.app; sourceTree = BUILT_PRODUCTS_DIR; };
		F7B6B620276B011F002508FB /* AppDelegate.swift */ = {isa = PBXFileReference; lastKnownFileType = sourcecode.swift; path = AppDelegate.swift; sourceTree = "<group>"; };
		F7B6B622276B011F002508FB /* SceneDelegate.swift */ = {isa = PBXFileReference; lastKnownFileType = sourcecode.swift; path = SceneDelegate.swift; sourceTree = "<group>"; };
		F7B6B624276B011F002508FB /* ViewController.swift */ = {isa = PBXFileReference; lastKnownFileType = sourcecode.swift; path = ViewController.swift; sourceTree = "<group>"; };
		F7B6B627276B011F002508FB /* Base */ = {isa = PBXFileReference; lastKnownFileType = file.storyboard; name = Base; path = Base.lproj/Main.storyboard; sourceTree = "<group>"; };
		F7B6B629276B0120002508FB /* Assets.xcassets */ = {isa = PBXFileReference; lastKnownFileType = folder.assetcatalog; path = Assets.xcassets; sourceTree = "<group>"; };
		F7B6B62C276B0120002508FB /* Base */ = {isa = PBXFileReference; lastKnownFileType = file.storyboard; name = Base; path = Base.lproj/LaunchScreen.storyboard; sourceTree = "<group>"; };
		F7B6B62E276B0120002508FB /* Info.plist */ = {isa = PBXFileReference; lastKnownFileType = text.plist.xml; path = Info.plist; sourceTree = "<group>"; };
/* End PBXFileReference section */

/* Begin PBXFrameworksBuildPhase section */
		F7B6B61A276B011F002508FB /* Frameworks */ = {
			isa = PBXFrameworksBuildPhase;
			buildActionMask = 2147483647;
			files = (
			);
			runOnlyForDeploymentPostprocessing = 0;
		};
/* End PBXFrameworksBuildPhase section */

/* Begin PBXGroup section */
		F7B6B614276B011F002508FB = {
			isa = PBXGroup;
			children = (
				F7B6B61F276B011F002508FB /* mobile_assignment_3 */,
				F7B6B61E276B011F002508FB /* Products */,
			);
			sourceTree = "<group>";
		};
		F7B6B61E276B011F002508FB /* Products */ = {
			isa = PBXGroup;
			children = (
				F7B6B61D276B011F002508FB /* mobile_assignment_3.app */,
			);
			name = Products;
			sourceTree = "<group>";
		};
		F7B6B61F276B011F002508FB /* mobile_assignment_3 */ = {
			isa = PBXGroup;
			children = (
				F7B6B620276B011F002508FB /* AppDelegate.swift */,
				F7B6B622276B011F002508FB /* SceneDelegate.swift */,
				F7B6B624276B011F002508FB /* ViewController.swift */,
				F7B6B626276B011F002508FB /* Main.storyboard */,
				F7B6B629276B0120002508FB /* Assets.xcassets */,
				F7B6B62B276B0120002508FB /* LaunchScreen.storyboard */,
				F7B6B62E276B0120002508FB /* Info.plist */,
				F7063AE0276C0BE2005E3174 /* LibraryViewController.swift */,
				F7063AE2276C0D3F005E3174 /* DiningroomViewController.swift */,
				F7063AE4276C2837005E3174 /* BedroomViewController.swift */,
				F7063AE6276C2B66005E3174 /* StairsupViewController.swift */,
				F7063AE8276C2F4D005E3174 /* SecretpassageViewController.swift */,
				F7063AEA276C3044005E3174 /* KitchenViewController.swift */,
				F7063AEC276C3107005E3174 /* BackporchViewController.swift */,
				F7063AEE276C319B005E3174 /* BathroomViewController.swift */,
				F7063AF0276C3405005E3174 /* DungeonViewController.swift */,
				F7063AF2276C3506005E3174 /* LabratoryViewController.swift */,
				F7063AF4276C35B1005E3174 /* MysteriouslakeViewController.swift */,
				F7063AF6276C3668005E3174 /* GeneratorViewController.swift */,
				F7063AF8276C3707005E3174 /* GursedchaliceViewController.swift */,
				F7063AFA276C38E0005E3174 /* CoatroomViewController.swift */,
			);
			path = mobile_assignment_3;
			sourceTree = "<group>";
		};
/* End PBXGroup section */

/* Begin PBXNativeTarget section */
		F7B6B61C276B011F002508FB /* mobile_assignment_3 */ = {
			isa = PBXNativeTarget;
			buildConfigurationList = F7B6B631276B0120002508FB /* Build configuration list for PBXNativeTarget "mobile_assignment_3" */;
			buildPhases = (
				F7B6B619276B011F002508FB /* Sources */,
				F7B6B61A276B011F002508FB /* Frameworks */,
				F7B6B61B276B011F002508FB /* Resources */,
			);
			buildRules = (
			);
			dependencies = (
			);
			name = mobile_assignment_3;
			productName = mobile_assignment_3;
			productReference = F7B6B61D276B011F002508FB /* mobile_assignment_3.app */;
			productType = "com.apple.product-type.application";
		};
/* End PBXNativeTarget section */

/* Begin PBXProject section */
		F7B6B615276B011F002508FB /* Project object */ = {
			isa = PBXProject;
			attributes = {
				BuildIndependentTargetsInParallel = 1;
				LastSwiftUpdateCheck = 1310;
				LastUpgradeCheck = 1310;
				TargetAttributes = {
					F7B6B61C276B011F002508FB = {
						CreatedOnToolsVersion = 13.1;
					};
				};
			};
			buildConfigurationList = F7B6B618276B011F002508FB /* Build configuration list for PBXProject "mobile_assignment_3" */;
			compatibilityVersion = "Xcode 13.0";
			developmentRegion = en;
			hasScannedForEncodings = 0;
			knownRegions = (
				en,
				Base,
			);
			mainGroup = F7B6B614276B011F002508FB;
			productRefGroup = F7B6B61E276B011F002508FB /* Products */;
			projectDirPath = "";
			projectRoot = "";
			targets = (
				F7B6B61C276B011F002508FB /* mobile_assignment_3 */,
			);
		};
/* End PBXProject section */

/* Begin PBXResourcesBuildPhase section */
		F7B6B61B276B011F002508FB /* Resources */ = {
			isa = PBXResourcesBuildPhase;
			buildActionMask = 2147483647;
			files = (
				F7B6B62D276B0120002508FB /* LaunchScreen.storyboard in Resources */,
				F7B6B62A276B0120002508FB /* Assets.xcassets in Resources */,
				F7B6B628276B011F002508FB /* Main.storyboard in Resources */,
			);
			runOnlyForDeploymentPostprocessing = 0;
		};
/* End PBXResourcesBuildPhase section */

/* Begin PBXSourcesBuildPhase section */
		F7B6B619276B011F002508FB /* Sources */ = {
			isa = PBXSourcesBuildPhase;
			buildActionMask = 2147483647;
			files = (
				F7063AED276C3107005E3174 /* BackporchViewController.swift in Sources */,
				F7063AFB276C38E0005E3174 /* CoatroomViewController.swift in Sources */,
				F7063AF7276C3668005E3174 /* GeneratorViewController.swift in Sources */,
				F7063AF1276C3405005E3174 /* DungeonViewController.swift in Sources */,
				F7B6B625276B011F002508FB /* ViewController.swift in Sources */,
				F7B6B621276B011F002508FB /* AppDelegate.swift in Sources */,
				F7063AE1276C0BE2005E3174 /* LibraryViewController.swift in Sources */,
				F7063AF3276C3506005E3174 /* LabratoryViewController.swift in Sources */,
				F7063AEF276C319B005E3174 /* BathroomViewController.swift in Sources */,
				F7063AEB276C3044005E3174 /* KitchenViewController.swift in Sources */,
				F7063AE3276C0D3F005E3174 /* DiningroomViewController.swift in Sources */,
				F7063AF9276C3707005E3174 /* GursedchaliceViewController.swift in Sources */,
				F7B6B623276B011F002508FB /* SceneDelegate.swift in Sources */,
				F7063AE5276C2837005E3174 /* BedroomViewController.swift in Sources */,
				F7063AF5276C35B1005E3174 /* MysteriouslakeViewController.swift in Sources */,
				F7063AE7276C2B66005E3174 /* StairsupViewController.swift in Sources */,
				F7063AE9276C2F4D005E3174 /* SecretpassageViewController.swift in Sources */,
			);
			runOnlyForDeploymentPostprocessing = 0;
		};
/* End PBXSourcesBuildPhase section */

/* Begin PBXVariantGroup section */
		F7B6B626276B011F002508FB /* Main.storyboard */ = {
			isa = PBXVariantGroup;
			children = (
				F7B6B627276B011F002508FB /* Base */,
			);
			name = Main.storyboard;
			sourceTree = "<group>";
		};
		F7B6B62B276B0120002508FB /* LaunchScreen.storyboard */ = {
			isa = PBXVariantGroup;
			children = (
				F7B6B62C276B0120002508FB /* Base */,
			);
			name = LaunchScreen.storyboard;
			sourceTree = "<group>";
		};
/* End PBXVariantGroup section */

/* Begin XCBuildConfiguration section */
		F7B6B62F276B0120002508FB /* Debug */ = {
			isa = XCBuildConfiguration;
			buildSettings = {
				ALWAYS_SEARCH_USER_PATHS = NO;
				CLANG_ANALYZER_NONNULL = YES;
				CLANG_ANALYZER_NUMBER_OBJECT_CONVERSION = YES_AGGRESSIVE;
				CLANG_CXX_LANGUAGE_STANDARD = "gnu++17";
				CLANG_CXX_LIBRARY = "libc++";
				CLANG_ENABLE_MODULES = YES;
				CLANG_ENABLE_OBJC_ARC = YES;
				CLANG_ENABLE_OBJC_WEAK = YES;
				CLANG_WARN_BLOCK_CAPTURE_AUTORELEASING = YES;
				CLANG_WARN_BOOL_CONVERSION = YES;
				CLANG_WARN_COMMA = YES;
				CLANG_WARN_CONSTANT_CONVERSION = YES;
				CLANG_WARN_DEPRECATED_OBJC_IMPLEMENTATIONS = YES;
				CLANG_WARN_DIRECT_OBJC_ISA_USAGE = YES_ERROR;
				CLANG_WARN_DOCUMENTATION_COMMENTS = YES;
				CLANG_WARN_EMPTY_BODY = YES;
				CLANG_WARN_ENUM_CONVERSION = YES;
				CLANG_WARN_INFINITE_RECURSION = YES;
				CLANG_WARN_INT_CONVERSION = YES;
				CLANG_WARN_NON_LITERAL_NULL_CONVERSION = YES;
				CLANG_WARN_OBJC_IMPLICIT_RETAIN_SELF = YES;
				CLANG_WARN_OBJC_LITERAL_CONVERSION = YES;
				CLANG_WARN_OBJC_ROOT_CLASS = YES_ERROR;
				CLANG_WARN_QUOTED_INCLUDE_IN_FRAMEWORK_HEADER = YES;
				CLANG_WARN_RANGE_LOOP_ANALYSIS = YES;
				CLANG_WARN_STRICT_PROTOTYPES = YES;
				CLANG_WARN_SUSPICIOUS_MOVE = YES;
				CLANG_WARN_UNGUARDED_AVAILABILITY = YES_AGGRESSIVE;
				CLANG_WARN_UNREACHABLE_CODE = YES;
				CLANG_WARN__DUPLICATE_METHOD_MATCH = YES;
				COPY_PHASE_STRIP = NO;
				DEBUG_INFORMATION_FORMAT = dwarf;
				ENABLE_STRICT_OBJC_MSGSEND = YES;
				ENABLE_TESTABILITY = YES;
				GCC_C_LANGUAGE_STANDARD = gnu11;
				GCC_DYNAMIC_NO_PIC = NO;
				GCC_NO_COMMON_BLOCKS = YES;
				GCC_OPTIMIZATION_LEVEL = 0;
				GCC_PREPROCESSOR_DEFINITIONS = (
					"DEBUG=1",
					"$(inherited)",
				);
				GCC_WARN_64_TO_32_BIT_CONVERSION = YES;
				GCC_WARN_ABOUT_RETURN_TYPE = YES_ERROR;
				GCC_WARN_UNDECLARED_SELECTOR = YES;
				GCC_WARN_UNINITIALIZED_AUTOS = YES_AGGRESSIVE;
				GCC_WARN_UNUSED_FUNCTION = YES;
				GCC_WARN_UNUSED_VARIABLE = YES;
				IPHONEOS_DEPLOYMENT_TARGET = 15.0;
				MTL_ENABLE_DEBUG_INFO = INCLUDE_SOURCE;
				MTL_FAST_MATH = YES;
				ONLY_ACTIVE_ARCH = YES;
				SDKROOT = iphoneos;
				SWIFT_ACTIVE_COMPILATION_CONDITIONS = DEBUG;
				SWIFT_OPTIMIZATION_LEVEL = "-Onone";
			};
			name = Debug;
		};
		F7B6B630276B0120002508FB /* Release */ = {
			isa = XCBuildConfiguration;
			buildSettings = {
				ALWAYS_SEARCH_USER_PATHS = NO;
				CLANG_ANALYZER_NONNULL = YES;
				CLANG_ANALYZER_NUMBER_OBJECT_CONVERSION = YES_AGGRESSIVE;
				CLANG_CXX_LANGUAGE_STANDARD = "gnu++17";
				CLANG_CXX_LIBRARY = "libc++";
				CLANG_ENABLE_MODULES = YES;
				CLANG_ENABLE_OBJC_ARC = YES;
				CLANG_ENABLE_OBJC_WEAK = YES;
				CLANG_WARN_BLOCK_CAPTURE_AUTORELEASING = YES;
				CLANG_WARN_BOOL_CONVERSION = YES;
				CLANG_WARN_COMMA = YES;
				CLANG_WARN_CONSTANT_CONVERSION = YES;
				CLANG_WARN_DEPRECATED_OBJC_IMPLEMENTATIONS = YES;
				CLANG_WARN_DIRECT_OBJC_ISA_USAGE = YES_ERROR;
				CLANG_WARN_DOCUMENTATION_COMMENTS = YES;
				CLANG_WARN_EMPTY_BODY = YES;
				CLANG_WARN_ENUM_CONVERSION = YES;
				CLANG_WARN_INFINITE_RECURSION = YES;
				CLANG_WARN_INT_CONVERSION = YES;
				CLANG_WARN_NON_LITERAL_NULL_CONVERSION = YES;
				CLANG_WARN_OBJC_IMPLICIT_RETAIN_SELF = YES;
				CLANG_WARN_OBJC_LITERAL_CONVERSION = YES;
				CLANG_WARN_OBJC_ROOT_CLASS = YES_ERROR;
				CLANG_WARN_QUOTED_INCLUDE_IN_FRAMEWORK_HEADER = YES;
				CLANG_WARN_RANGE_LOOP_ANALYSIS = YES;
				CLANG_WARN_STRICT_PROTOTYPES = YES;
				CLANG_WARN_SUSPICIOUS_MOVE = YES;
				CLANG_WARN_UNGUARDED_AVAILABILITY = YES_AGGRESSIVE;
				CLANG_WARN_UNREACHABLE_CODE = YES;
				CLANG_WARN__DUPLICATE_METHOD_MATCH = YES;
				COPY_PHASE_STRIP = NO;
				DEBUG_INFORMATION_FORMAT = "dwarf-with-dsym";
				ENABLE_NS_ASSERTIONS = NO;
				ENABLE_STRICT_OBJC_MSGSEND = YES;
				GCC_C_LANGUAGE_STANDARD = gnu11;
				GCC_NO_COMMON_BLOCKS = YES;
				GCC_WARN_64_TO_32_BIT_CONVERSION = YES;
				GCC_WARN_ABOUT_RETURN_TYPE = YES_ERROR;
				GCC_WARN_UNDECLARED_SELECTOR = YES;
				GCC_WARN_UNINITIALIZED_AUTOS = YES_AGGRESSIVE;
				GCC_WARN_UNUSED_FUNCTION = YES;
				GCC_WARN_UNUSED_VARIABLE = YES;
				IPHONEOS_DEPLOYMENT_TARGET = 15.0;
				MTL_ENABLE_DEBUG_INFO = NO;
				MTL_FAST_MATH = YES;
				SDKROOT = iphoneos;
				SWIFT_COMPILATION_MODE = wholemodule;
				SWIFT_OPTIMIZATION_LEVEL = "-O";
				VALIDATE_PRODUCT = YES;
			};
			name = Release;
		};
		F7B6B632276B0120002508FB /* Debug */ = {
			isa = XCBuildConfiguration;
			buildSettings = {
				ASSETCATALOG_COMPILER_APPICON_NAME = AppIcon;
				ASSETCATALOG_COMPILER_GLOBAL_ACCENT_COLOR_NAME = AccentColor;
				CODE_SIGN_STYLE = Automatic;
				CURRENT_PROJECT_VERSION = 1;
				GENERATE_INFOPLIST_FILE = YES;
				INFOPLIST_FILE = mobile_assignment_3/Info.plist;
				INFOPLIST_KEY_UIApplicationSupportsIndirectInputEvents = YES;
				INFOPLIST_KEY_UILaunchStoryboardName = LaunchScreen;
				INFOPLIST_KEY_UIMainStoryboardFile = Main;
				INFOPLIST_KEY_UISupportedInterfaceOrientations_iPad = "UIInterfaceOrientationPortrait UIInterfaceOrientationPortraitUpsideDown UIInterfaceOrientationLandscapeLeft UIInterfaceOrientationLandscapeRight";
				INFOPLIST_KEY_UISupportedInterfaceOrientations_iPhone = "UIInterfaceOrientationPortrait UIInterfaceOrientationLandscapeLeft UIInterfaceOrientationLandscapeRight";
				LD_RUNPATH_SEARCH_PATHS = (
					"$(inherited)",
					"@executable_path/Frameworks",
				);
				MARKETING_VERSION = 1.0;
				PRODUCT_BUNDLE_IDENTIFIER = "com.example.mobile-assignment-3";
				PRODUCT_NAME = "$(TARGET_NAME)";
				SWIFT_EMIT_LOC_STRINGS = YES;
				SWIFT_VERSION = 5.0;
				TARGETED_DEVICE_FAMILY = "1,2";
			};
			name = Debug;
		};
		F7B6B633276B0120002508FB /* Release */ = {
			isa = XCBuildConfiguration;
			buildSettings = {
				ASSETCATALOG_COMPILER_APPICON_NAME = AppIcon;
				ASSETCATALOG_COMPILER_GLOBAL_ACCENT_COLOR_NAME = AccentColor;
				CODE_SIGN_STYLE = Automatic;
				CURRENT_PROJECT_VERSION = 1;
				GENERATE_INFOPLIST_FILE = YES;
				INFOPLIST_FILE = mobile_assignment_3/Info.plist;
				INFOPLIST_KEY_UIApplicationSupportsIndirectInputEvents = YES;
				INFOPLIST_KEY_UILaunchStoryboardName = LaunchScreen;
				INFOPLIST_KEY_UIMainStoryboardFile = Main;
				INFOPLIST_KEY_UISupportedInterfaceOrientations_iPad = "UIInterfaceOrientationPortrait UIInterfaceOrientationPortraitUpsideDown UIInterfaceOrientationLandscapeLeft UIInterfaceOrientationLandscapeRight";
				INFOPLIST_KEY_UISupportedInterfaceOrientations_iPhone = "UIInterfaceOrientationPortrait UIInterfaceOrientationLandscapeLeft UIInterfaceOrientationLandscapeRight";
				LD_RUNPATH_SEARCH_PATHS = (
					"$(inherited)",
					"@executable_path/Frameworks",
				);
				MARKETING_VERSION = 1.0;
				PRODUCT_BUNDLE_IDENTIFIER = "com.example.mobile-assignment-3";
				PRODUCT_NAME = "$(TARGET_NAME)";
				SWIFT_EMIT_LOC_STRINGS = YES;
				SWIFT_VERSION = 5.0;
				TARGETED_DEVICE_FAMILY = "1,2";
			};
			name = Release;
		};
/* End XCBuildConfiguration section */

/* Begin XCConfigurationList section */
		F7B6B618276B011F002508FB /* Build configuration list for PBXProject "mobile_assignment_3" */ = {
			isa = XCConfigurationList;
			buildConfigurations = (
				F7B6B62F276B0120002508FB /* Debug */,
				F7B6B630276B0120002508FB /* Release */,
			);
			defaultConfigurationIsVisible = 0;
			defaultConfigurationName = Release;
		};
		F7B6B631276B0120002508FB /* Build configuration list for PBXNativeTarget "mobile_assignment_3" */ = {
			isa = XCConfigurationList;
			buildConfigurations = (
				F7B6B632276B0120002508FB /* Debug */,
				F7B6B633276B0120002508FB /* Release */,
			);
			defaultConfigurationIsVisible = 0;
			defaultConfigurationName = Release;
		};
/* End XCConfigurationList section */
	};
	rootObject = F7B6B615276B011F002508FB /* Project object */;
}
